// !$*UTF8*$!
{
	archiveVersion = 1;
	classes = {
	};
	objectVersion = 50;
	objects = {

/* Begin PBXBuildFile section */
		BF30DE7620880E31003F1B33 /* AppDelegate.swift in Sources */ = {isa = PBXBuildFile; fileRef = BF30DE7520880E31003F1B33 /* AppDelegate.swift */; };
		BF30DE7820880E31003F1B33 /* ViewController.swift in Sources */ = {isa = PBXBuildFile; fileRef = BF30DE7720880E31003F1B33 /* ViewController.swift */; };
		BF30DE7B20880E31003F1B33 /* Main.storyboard in Resources */ = {isa = PBXBuildFile; fileRef = BF30DE7920880E31003F1B33 /* Main.storyboard */; };
		BF30DE7D20880E33003F1B33 /* Assets.xcassets in Resources */ = {isa = PBXBuildFile; fileRef = BF30DE7C20880E33003F1B33 /* Assets.xcassets */; };
		BF30DE8020880E33003F1B33 /* LaunchScreen.storyboard in Resources */ = {isa = PBXBuildFile; fileRef = BF30DE7E20880E33003F1B33 /* LaunchScreen.storyboard */; };
		BF30DE8820882418003F1B33 /* RecordWhistleViewController.swift in Sources */ = {isa = PBXBuildFile; fileRef = BF30DE8720882418003F1B33 /* RecordWhistleViewController.swift */; };
		BF30DE8A208ACCD4003F1B33 /* SelectGenreViewController.swift in Sources */ = {isa = PBXBuildFile; fileRef = BF30DE89208ACCD4003F1B33 /* SelectGenreViewController.swift */; };
		BF30DE8C208D6FED003F1B33 /* AddCommentsViewController.swift in Sources */ = {isa = PBXBuildFile; fileRef = BF30DE8B208D6FED003F1B33 /* AddCommentsViewController.swift */; };
		BF30DE8E208D72A5003F1B33 /* SubmitViewController.swift in Sources */ = {isa = PBXBuildFile; fileRef = BF30DE8D208D72A5003F1B33 /* SubmitViewController.swift */; };
		BF30DE92208D816D003F1B33 /* CloudKit.framework in Frameworks */ = {isa = PBXBuildFile; fileRef = BF30DE91208D816D003F1B33 /* CloudKit.framework */; };
		BF30DE94208D96F3003F1B33 /* Whistle.swift in Sources */ = {isa = PBXBuildFile; fileRef = BF30DE93208D96F3003F1B33 /* Whistle.swift */; };
		BF30DE96208ED9ED003F1B33 /* ResultsViewController.swift in Sources */ = {isa = PBXBuildFile; fileRef = BF30DE95208ED9ED003F1B33 /* ResultsViewController.swift */; };
		BF30DE98208EF4F4003F1B33 /* MyGenresViewController.swift in Sources */ = {isa = PBXBuildFile; fileRef = BF30DE97208EF4F4003F1B33 /* MyGenresViewController.swift */; };
/* End PBXBuildFile section */

/* Begin PBXFileReference section */
		BF30DE7220880E31003F1B33 /* project33.app */ = {isa = PBXFileReference; explicitFileType = wrapper.application; includeInIndex = 0; path = project33.app; sourceTree = BUILT_PRODUCTS_DIR; };
		BF30DE7520880E31003F1B33 /* AppDelegate.swift */ = {isa = PBXFileReference; lastKnownFileType = sourcecode.swift; path = AppDelegate.swift; sourceTree = "<group>"; };
		BF30DE7720880E31003F1B33 /* ViewController.swift */ = {isa = PBXFileReference; lastKnownFileType = sourcecode.swift; path = ViewController.swift; sourceTree = "<group>"; };
		BF30DE7A20880E31003F1B33 /* Base */ = {isa = PBXFileReference; lastKnownFileType = file.storyboard; name = Base; path = Base.lproj/Main.storyboard; sourceTree = "<group>"; };
		BF30DE7C20880E33003F1B33 /* Assets.xcassets */ = {isa = PBXFileReference; lastKnownFileType = folder.assetcatalog; path = Assets.xcassets; sourceTree = "<group>"; };
		BF30DE7F20880E33003F1B33 /* Base */ = {isa = PBXFileReference; lastKnownFileType = file.storyboard; name = Base; path = Base.lproj/LaunchScreen.storyboard; sourceTree = "<group>"; };
		BF30DE8120880E33003F1B33 /* Info.plist */ = {isa = PBXFileReference; lastKnownFileType = text.plist.xml; path = Info.plist; sourceTree = "<group>"; };
		BF30DE8720882418003F1B33 /* RecordWhistleViewController.swift */ = {isa = PBXFileReference; lastKnownFileType = sourcecode.swift; path = RecordWhistleViewController.swift; sourceTree = "<group>"; };
		BF30DE89208ACCD4003F1B33 /* SelectGenreViewController.swift */ = {isa = PBXFileReference; lastKnownFileType = sourcecode.swift; path = SelectGenreViewController.swift; sourceTree = "<group>"; };
		BF30DE8B208D6FED003F1B33 /* AddCommentsViewController.swift */ = {isa = PBXFileReference; lastKnownFileType = sourcecode.swift; path = AddCommentsViewController.swift; sourceTree = "<group>"; };
		BF30DE8D208D72A5003F1B33 /* SubmitViewController.swift */ = {isa = PBXFileReference; lastKnownFileType = sourcecode.swift; path = SubmitViewController.swift; sourceTree = "<group>"; };
		BF30DE8F208D805A003F1B33 /* project33.entitlements */ = {isa = PBXFileReference; lastKnownFileType = text.plist.entitlements; path = project33.entitlements; sourceTree = "<group>"; };
		BF30DE91208D816D003F1B33 /* CloudKit.framework */ = {isa = PBXFileReference; lastKnownFileType = wrapper.framework; name = CloudKit.framework; path = System/Library/Frameworks/CloudKit.framework; sourceTree = SDKROOT; };
		BF30DE93208D96F3003F1B33 /* Whistle.swift */ = {isa = PBXFileReference; lastKnownFileType = sourcecode.swift; path = Whistle.swift; sourceTree = "<group>"; };
		BF30DE95208ED9ED003F1B33 /* ResultsViewController.swift */ = {isa = PBXFileReference; lastKnownFileType = sourcecode.swift; path = ResultsViewController.swift; sourceTree = "<group>"; };
		BF30DE97208EF4F4003F1B33 /* MyGenresViewController.swift */ = {isa = PBXFileReference; lastKnownFileType = sourcecode.swift; path = MyGenresViewController.swift; sourceTree = "<group>"; };
/* End PBXFileReference section */

/* Begin PBXFrameworksBuildPhase section */
		BF30DE6F20880E31003F1B33 /* Frameworks */ = {
			isa = PBXFrameworksBuildPhase;
			buildActionMask = 2147483647;
			files = (
				BF30DE92208D816D003F1B33 /* CloudKit.framework in Frameworks */,
			);
			runOnlyForDeploymentPostprocessing = 0;
		};
/* End PBXFrameworksBuildPhase section */

/* Begin PBXGroup section */
		BF30DE6920880E31003F1B33 = {
			isa = PBXGroup;
			children = (
				BF30DE7420880E31003F1B33 /* project33 */,
				BF30DE7320880E31003F1B33 /* Products */,
				BF30DE90208D816D003F1B33 /* Frameworks */,
			);
			sourceTree = "<group>";
		};
		BF30DE7320880E31003F1B33 /* Products */ = {
			isa = PBXGroup;
			children = (
				BF30DE7220880E31003F1B33 /* project33.app */,
			);
			name = Products;
			sourceTree = "<group>";
		};
		BF30DE7420880E31003F1B33 /* project33 */ = {
			isa = PBXGroup;
			children = (
				BF30DE8F208D805A003F1B33 /* project33.entitlements */,
				BF30DE7520880E31003F1B33 /* AppDelegate.swift */,
				BF30DE8720882418003F1B33 /* RecordWhistleViewController.swift */,
				BF30DE8B208D6FED003F1B33 /* AddCommentsViewController.swift */,
				BF30DE8D208D72A5003F1B33 /* SubmitViewController.swift */,
				BF30DE89208ACCD4003F1B33 /* SelectGenreViewController.swift */,
				BF30DE7720880E31003F1B33 /* ViewController.swift */,
				BF30DE95208ED9ED003F1B33 /* ResultsViewController.swift */,
				BF30DE97208EF4F4003F1B33 /* MyGenresViewController.swift */,
				BF30DE7920880E31003F1B33 /* Main.storyboard */,
				BF30DE93208D96F3003F1B33 /* Whistle.swift */,
				BF30DE7C20880E33003F1B33 /* Assets.xcassets */,
				BF30DE7E20880E33003F1B33 /* LaunchScreen.storyboard */,
				BF30DE8120880E33003F1B33 /* Info.plist */,
			);
			path = project33;
			sourceTree = "<group>";
		};
		BF30DE90208D816D003F1B33 /* Frameworks */ = {
			isa = PBXGroup;
			children = (
				BF30DE91208D816D003F1B33 /* CloudKit.framework */,
			);
			name = Frameworks;
			sourceTree = "<group>";
		};
/* End PBXGroup section */

/* Begin PBXNativeTarget section */
		BF30DE7120880E31003F1B33 /* project33 */ = {
			isa = PBXNativeTarget;
			buildConfigurationList = BF30DE8420880E33003F1B33 /* Build configuration list for PBXNativeTarget "project33" */;
			buildPhases = (
				BF30DE6E20880E31003F1B33 /* Sources */,
				BF30DE6F20880E31003F1B33 /* Frameworks */,
				BF30DE7020880E31003F1B33 /* Resources */,
			);
			buildRules = (
			);
			dependencies = (
			);
			name = project33;
			productName = project33;
			productReference = BF30DE7220880E31003F1B33 /* project33.app */;
			productType = "com.apple.product-type.application";
		};
/* End PBXNativeTarget section */

/* Begin PBXProject section */
		BF30DE6A20880E31003F1B33 /* Project object */ = {
			isa = PBXProject;
			attributes = {
				LastSwiftUpdateCheck = 0930;
				LastUpgradeCheck = 0930;
				ORGANIZATIONNAME = "Amanda Reinhard";
				TargetAttributes = {
					BF30DE7120880E31003F1B33 = {
						CreatedOnToolsVersion = 9.3;
						SystemCapabilities = {
							com.apple.Push = {
								enabled = 1;
							};
							com.apple.iCloud = {
								enabled = 1;
							};
						};
					};
				};
			};
			buildConfigurationList = BF30DE6D20880E31003F1B33 /* Build configuration list for PBXProject "project33" */;
			compatibilityVersion = "Xcode 9.3";
			developmentRegion = en;
			hasScannedForEncodings = 0;
			knownRegions = (
				en,
				Base,
			);
			mainGroup = BF30DE6920880E31003F1B33;
			productRefGroup = BF30DE7320880E31003F1B33 /* Products */;
			projectDirPath = "";
			projectRoot = "";
			targets = (
				BF30DE7120880E31003F1B33 /* project33 */,
			);
		};
/* End PBXProject section */

/* Begin PBXResourcesBuildPhase section */
		BF30DE7020880E31003F1B33 /* Resources */ = {
			isa = PBXResourcesBuildPhase;
			buildActionMask = 2147483647;
			files = (
				BF30DE8020880E33003F1B33 /* LaunchScreen.storyboard in Resources */,
				BF30DE7D20880E33003F1B33 /* Assets.xcassets in Resources */,
				BF30DE7B20880E31003F1B33 /* Main.storyboard in Resources */,
			);
			runOnlyForDeploymentPostprocessing = 0;
		};
/* End PBXResourcesBuildPhase section */

/* Begin PBXSourcesBuildPhase section */
		BF30DE6E20880E31003F1B33 /* Sources */ = {
			isa = PBXSourcesBuildPhase;
			buildActionMask = 2147483647;
			files = (
				BF30DE7820880E31003F1B33 /* ViewController.swift in Sources */,
				BF30DE8C208D6FED003F1B33 /* AddCommentsViewController.swift in Sources */,
				BF30DE7620880E31003F1B33 /* AppDelegate.swift in Sources */,
				BF30DE8A208ACCD4003F1B33 /* SelectGenreViewController.swift in Sources */,
				BF30DE98208EF4F4003F1B33 /* MyGenresViewController.swift in Sources */,
				BF30DE94208D96F3003F1B33 /* Whistle.swift in Sources */,
				BF30DE8E208D72A5003F1B33 /* SubmitViewController.swift in Sources */,
				BF30DE8820882418003F1B33 /* RecordWhistleViewController.swift in Sources */,
				BF30DE96208ED9ED003F1B33 /* ResultsViewController.swift in Sources */,
			);
			runOnlyForDeploymentPostprocessing = 0;
		};
/* End PBXSourcesBuildPhase section */

/* Begin PBXVariantGroup section */
		BF30DE7920880E31003F1B33 /* Main.storyboard */ = {
			isa = PBXVariantGroup;
			children = (
				BF30DE7A20880E31003F1B33 /* Base */,
			);
			name = Main.storyboard;
			sourceTree = "<group>";
		};
		BF30DE7E20880E33003F1B33 /* LaunchScreen.storyboard */ = {
			isa = PBXVariantGroup;
			children = (
				BF30DE7F20880E33003F1B33 /* Base */,
			);
			name = LaunchScreen.storyboard;
			sourceTree = "<group>";
		};
/* End PBXVariantGroup section */

/* Begin XCBuildConfiguration section */
		BF30DE8220880E33003F1B33 /* Debug */ = {
			isa = XCBuildConfiguration;
			buildSettings = {
				ALWAYS_SEARCH_USER_PATHS = NO;
				CLANG_ANALYZER_NONNULL = YES;
				CLANG_ANALYZER_NUMBER_OBJECT_CONVERSION = YES_AGGRESSIVE;
				CLANG_CXX_LANGUAGE_STANDARD = "gnu++14";
				CLANG_CXX_LIBRARY = "libc++";
				CLANG_ENABLE_MODULES = YES;
				CLANG_ENABLE_OBJC_ARC = YES;
				CLANG_ENABLE_OBJC_WEAK = YES;
				CLANG_WARN_BLOCK_CAPTURE_AUTORELEASING = YES;
				CLANG_WARN_BOOL_CONVERSION = YES;
				CLANG_WARN_COMMA = YES;
				CLANG_WARN_CONSTANT_CONVERSION = YES;
				CLANG_WARN_DEPRECATED_OBJC_IMPLEMENTATIONS = YES;
				CLANG_WARN_DIRECT_OBJC_ISA_USAGE = YES_ERROR;
				CLANG_WARN_DOCUMENTATION_COMMENTS = YES;
				CLANG_WARN_EMPTY_BODY = YES;
				CLANG_WARN_ENUM_CONVERSION = YES;
				CLANG_WARN_INFINITE_RECURSION = YES;
				CLANG_WARN_INT_CONVERSION = YES;
				CLANG_WARN_NON_LITERAL_NULL_CONVERSION = YES;
				CLANG_WARN_OBJC_IMPLICIT_RETAIN_SELF = YES;
				CLANG_WARN_OBJC_LITERAL_CONVERSION = YES;
				CLANG_WARN_OBJC_ROOT_CLASS = YES_ERROR;
				CLANG_WARN_RANGE_LOOP_ANALYSIS = YES;
				CLANG_WARN_STRICT_PROTOTYPES = YES;
				CLANG_WARN_SUSPICIOUS_MOVE = YES;
				CLANG_WARN_UNGUARDED_AVAILABILITY = YES_AGGRESSIVE;
				CLANG_WARN_UNREACHABLE_CODE = YES;
				CLANG_WARN__DUPLICATE_METHOD_MATCH = YES;
				CODE_SIGN_IDENTITY = "iPhone Developer";
				COPY_PHASE_STRIP = NO;
				DEBUG_INFORMATION_FORMAT = dwarf;
				ENABLE_STRICT_OBJC_MSGSEND = YES;
				ENABLE_TESTABILITY = YES;
				GCC_C_LANGUAGE_STANDARD = gnu11;
				GCC_DYNAMIC_NO_PIC = NO;
				GCC_NO_COMMON_BLOCKS = YES;
				GCC_OPTIMIZATION_LEVEL = 0;
				GCC_PREPROCESSOR_DEFINITIONS = (
					"DEBUG=1",
					"$(inherited)",
				);
				GCC_WARN_64_TO_32_BIT_CONVERSION = YES;
				GCC_WARN_ABOUT_RETURN_TYPE = YES_ERROR;
				GCC_WARN_UNDECLARED_SELECTOR = YES;
				GCC_WARN_UNINITIALIZED_AUTOS = YES_AGGRESSIVE;
				GCC_WARN_UNUSED_FUNCTION = YES;
				GCC_WARN_UNUSED_VARIABLE = YES;
				IPHONEOS_DEPLOYMENT_TARGET = 11.3;
				MTL_ENABLE_DEBUG_INFO = YES;
				ONLY_ACTIVE_ARCH = YES;
				SDKROOT = iphoneos;
				SWIFT_ACTIVE_COMPILATION_CONDITIONS = DEBUG;
				SWIFT_OPTIMIZATION_LEVEL = "-Onone";
			};
			name = Debug;
		};
		BF30DE8320880E33003F1B33 /* Release */ = {
			isa = XCBuildConfiguration;
			buildSettings = {
				ALWAYS_SEARCH_USER_PATHS = NO;
				CLANG_ANALYZER_NONNULL = YES;
				CLANG_ANALYZER_NUMBER_OBJECT_CONVERSION = YES_AGGRESSIVE;
				CLANG_CXX_LANGUAGE_STANDARD = "gnu++14";
				CLANG_CXX_LIBRARY = "libc++";
				CLANG_ENABLE_MODULES = YES;
				CLANG_ENABLE_OBJC_ARC = YES;
				CLANG_ENABLE_OBJC_WEAK = YES;
				CLANG_WARN_BLOCK_CAPTURE_AUTORELEASING = YES;
				CLANG_WARN_BOOL_CONVERSION = YES;
				CLANG_WARN_COMMA = YES;
				CLANG_WARN_CONSTANT_CONVERSION = YES;
				CLANG_WARN_DEPRECATED_OBJC_IMPLEMENTATIONS = YES;
				CLANG_WARN_DIRECT_OBJC_ISA_USAGE = YES_ERROR;
				CLANG_WARN_DOCUMENTATION_COMMENTS = YES;
				CLANG_WARN_EMPTY_BODY = YES;
				CLANG_WARN_ENUM_CONVERSION = YES;
				CLANG_WARN_INFINITE_RECURSION = YES;
				CLANG_WARN_INT_CONVERSION = YES;
				CLANG_WARN_NON_LITERAL_NULL_CONVERSION = YES;
				CLANG_WARN_OBJC_IMPLICIT_RETAIN_SELF = YES;
				CLANG_WARN_OBJC_LITERAL_CONVERSION = YES;
				CLANG_WARN_OBJC_ROOT_CLASS = YES_ERROR;
				CLANG_WARN_RANGE_LOOP_ANALYSIS = YES;
				CLANG_WARN_STRICT_PROTOTYPES = YES;
				CLANG_WARN_SUSPICIOUS_MOVE = YES;
				CLANG_WARN_UNGUARDED_AVAILABILITY = YES_AGGRESSIVE;
				CLANG_WARN_UNREACHABLE_CODE = YES;
				CLANG_WARN__DUPLICATE_METHOD_MATCH = YES;
				CODE_SIGN_IDENTITY = "iPhone Developer";
				COPY_PHASE_STRIP = NO;
				DEBUG_INFORMATION_FORMAT = "dwarf-with-dsym";
				ENABLE_NS_ASSERTIONS = NO;
				ENABLE_STRICT_OBJC_MSGSEND = YES;
				GCC_C_LANGUAGE_STANDARD = gnu11;
				GCC_NO_COMMON_BLOCKS = YES;
				GCC_WARN_64_TO_32_BIT_CONVERSION = YES;
				GCC_WARN_ABOUT_RETURN_TYPE = YES_ERROR;
				GCC_WARN_UNDECLARED_SELECTOR = YES;
				GCC_WARN_UNINITIALIZED_AUTOS = YES_AGGRESSIVE;
				GCC_WARN_UNUSED_FUNCTION = YES;
				GCC_WARN_UNUSED_VARIABLE = YES;
				IPHONEOS_DEPLOYMENT_TARGET = 11.3;
				MTL_ENABLE_DEBUG_INFO = NO;
				SDKROOT = iphoneos;
				SWIFT_COMPILATION_MODE = wholemodule;
				SWIFT_OPTIMIZATION_LEVEL = "-O";
				VALIDATE_PRODUCT = YES;
			};
			name = Release;
		};
		BF30DE8520880E33003F1B33 /* Debug */ = {
			isa = XCBuildConfiguration;
			buildSettings = {
				ASSETCATALOG_COMPILER_APPICON_NAME = AppIcon;
				CODE_SIGN_ENTITLEMENTS = project33/project33.entitlements;
				CODE_SIGN_STYLE = Automatic;
				DEVELOPMENT_TEAM = 8ADP3UVM5F;
				INFOPLIST_FILE = project33/Info.plist;
				LD_RUNPATH_SEARCH_PATHS = (
					"$(inherited)",
					"@executable_path/Frameworks",
				);
				PRODUCT_BUNDLE_IDENTIFIER = com.amreinhard.project33;
				PRODUCT_NAME = "$(TARGET_NAME)";
				SWIFT_VERSION = 4.0;
				TARGETED_DEVICE_FAMILY = "1,2";
			};
			name = Debug;
		};
		BF30DE8620880E33003F1B33 /* Release */ = {
			isa = XCBuildConfiguration;
			buildSettings = {
				ASSETCATALOG_COMPILER_APPICON_NAME = AppIcon;
				CODE_SIGN_ENTITLEMENTS = project33/project33.entitlements;
				CODE_SIGN_STYLE = Automatic;
				DEVELOPMENT_TEAM = 8ADP3UVM5F;
				INFOPLIST_FILE = project33/Info.plist;
				LD_RUNPATH_SEARCH_PATHS = (
					"$(inherited)",
					"@executable_path/Frameworks",
				);
				PRODUCT_BUNDLE_IDENTIFIER = com.amreinhard.project33;
				PRODUCT_NAME = "$(TARGET_NAME)";
				SWIFT_VERSION = 4.0;
				TARGETED_DEVICE_FAMILY = "1,2";
			};
			name = Release;
		};
/* End XCBuildConfiguration section */

/* Begin XCConfigurationList section */
		BF30DE6D20880E31003F1B33 /* Build configuration list for PBXProject "project33" */ = {
			isa = XCConfigurationList;
			buildConfigurations = (
				BF30DE8220880E33003F1B33 /* Debug */,
				BF30DE8320880E33003F1B33 /* Release */,
			);
			defaultConfigurationIsVisible = 0;
			defaultConfigurationName = Release;
		};
		BF30DE8420880E33003F1B33 /* Build configuration list for PBXNativeTarget "project33" */ = {
			isa = XCConfigurationList;
			buildConfigurations = (
				BF30DE8520880E33003F1B33 /* Debug */,
				BF30DE8620880E33003F1B33 /* Release */,
			);
			defaultConfigurationIsVisible = 0;
			defaultConfigurationName = Release;
		};
/* End XCConfigurationList section */
	};
	rootObject = BF30DE6A20880E31003F1B33 /* Project object */;
}
